
Microsoft Visual Studio Solution File, Format Version 12.00
# Visual Studio Version 17
VisualStudioVersion = 17.0.31903.59
MinimumVisualStudioVersion = 10.0.40219.1
Project("{FAE04EC0-301F-11D3-BF4B-00C04F79EFBC}") = "KomodoConsole", "Komodo_Console\KomodoConsole.csproj", "{B5E78340-4DA3-455A-AF1C-5F84D79EFA4B}"
EndProject
Project("{FAE04EC0-301F-11D3-BF4B-00C04F79EFBC}") = "Developer.Repository", "Komodo_Developer\Developer.Repository.csproj", "{BBEAA89D-E4B3-439C-B031-B360F56454C8}"
EndProject
Project("{FAE04EC0-301F-11D3-BF4B-00C04F79EFBC}") = "DevTeam.Repository", "Komodo_DevTeam\DevTeam.Repository.csproj", "{7CC7D935-ADFD-4F00-934D-44F2EF7C7B25}"
EndProject
Global
	GlobalSection(SolutionConfigurationPlatforms) = preSolution
		Debug|Any CPU = Debug|Any CPU
		Release|Any CPU = Release|Any CPU
	EndGlobalSection
	GlobalSection(SolutionProperties) = preSolution
		HideSolutionNode = FALSE
	EndGlobalSection
	GlobalSection(ProjectConfigurationPlatforms) = postSolution
		{B5E78340-4DA3-455A-AF1C-5F84D79EFA4B}.Debug|Any CPU.ActiveCfg = Debug|Any CPU
		{B5E78340-4DA3-455A-AF1C-5F84D79EFA4B}.Debug|Any CPU.Build.0 = Debug|Any CPU
		{B5E78340-4DA3-455A-AF1C-5F84D79EFA4B}.Release|Any CPU.ActiveCfg = Release|Any CPU
		{B5E78340-4DA3-455A-AF1C-5F84D79EFA4B}.Release|Any CPU.Build.0 = Release|Any CPU
		{BBEAA89D-E4B3-439C-B031-B360F56454C8}.Debug|Any CPU.ActiveCfg = Debug|Any CPU
		{BBEAA89D-E4B3-439C-B031-B360F56454C8}.Debug|Any CPU.Build.0 = Debug|Any CPU
		{BBEAA89D-E4B3-439C-B031-B360F56454C8}.Release|Any CPU.ActiveCfg = Release|Any CPU
		{BBEAA89D-E4B3-439C-B031-B360F56454C8}.Release|Any CPU.Build.0 = Release|Any CPU
		{7CC7D935-ADFD-4F00-934D-44F2EF7C7B25}.Debug|Any CPU.ActiveCfg = Debug|Any CPU
		{7CC7D935-ADFD-4F00-934D-44F2EF7C7B25}.Debug|Any CPU.Build.0 = Debug|Any CPU
		{7CC7D935-ADFD-4F00-934D-44F2EF7C7B25}.Release|Any CPU.ActiveCfg = Release|Any CPU
		{7CC7D935-ADFD-4F00-934D-44F2EF7C7B25}.Release|Any CPU.Build.0 = Release|Any CPU
	EndGlobalSection
EndGlobal
